
Microsoft Visual Studio Solution File, Format Version 12.00
# Visual Studio Version 17
VisualStudioVersion = 17.1.32407.343
MinimumVisualStudioVersion = 10.0.40219.1
Project("{9A19103F-16F7-4668-BE54-9A1E7A4F7556}") = "MonCine", "MonCine\MonCine.csproj", "{CD87F92F-165D-4177-A761-FDF337F1BE15}"
EndProject
Project("{FAE04EC0-301F-11D3-BF4B-00C04F79EFBC}") = "MonCineTests", "MonCineTests\MonCineTests.csproj", "{1D34F9CA-0E29-4796-AFF3-140EE40AF16E}"
EndProject
Global
	GlobalSection(SolutionConfigurationPlatforms) = preSolution
		Debug|Any CPU = Debug|Any CPU
		Release|Any CPU = Release|Any CPU
	EndGlobalSection
	GlobalSection(ProjectConfigurationPlatforms) = postSolution
		{CD87F92F-165D-4177-A761-FDF337F1BE15}.Debug|Any CPU.ActiveCfg = Debug|Any CPU
		{CD87F92F-165D-4177-A761-FDF337F1BE15}.Debug|Any CPU.Build.0 = Debug|Any CPU
		{CD87F92F-165D-4177-A761-FDF337F1BE15}.Release|Any CPU.ActiveCfg = Release|Any CPU
		{CD87F92F-165D-4177-A761-FDF337F1BE15}.Release|Any CPU.Build.0 = Release|Any CPU
		{1D34F9CA-0E29-4796-AFF3-140EE40AF16E}.Debug|Any CPU.ActiveCfg = Debug|Any CPU
		{1D34F9CA-0E29-4796-AFF3-140EE40AF16E}.Debug|Any CPU.Build.0 = Debug|Any CPU
		{1D34F9CA-0E29-4796-AFF3-140EE40AF16E}.Release|Any CPU.ActiveCfg = Release|Any CPU
		{1D34F9CA-0E29-4796-AFF3-140EE40AF16E}.Release|Any CPU.Build.0 = Release|Any CPU
	EndGlobalSection
	GlobalSection(SolutionProperties) = preSolution
		HideSolutionNode = FALSE
	EndGlobalSection
	GlobalSection(ExtensibilityGlobals) = postSolution
		SolutionGuid = {A4A7000B-AE88-41FA-ACE4-27B1C16A73D4}
	EndGlobalSection
EndGlobal
